// !$*UTF8*$!
{
	archiveVersion = 1;
	classes = {
	};
	objectVersion = 56;
	objects = {

/* Begin PBXBuildFile section */
		132D2C912C439B1400EA705D /* KKAMPPAKApp.swift in Sources */ = {isa = PBXBuildFile; fileRef = 132D2C902C439B1400EA705D /* KKAMPPAKApp.swift */; };
		132D2C952C439B1A00EA705D /* Assets.xcassets in Resources */ = {isa = PBXBuildFile; fileRef = 132D2C942C439B1A00EA705D /* Assets.xcassets */; };
		132D2C982C439B1A00EA705D /* Preview Assets.xcassets in Resources */ = {isa = PBXBuildFile; fileRef = 132D2C972C439B1A00EA705D /* Preview Assets.xcassets */; };
		132D2CAD2C43A04500EA705D /* MainView.swift in Sources */ = {isa = PBXBuildFile; fileRef = 132D2CAC2C43A04500EA705D /* MainView.swift */; };
		132D2CAF2C43A06100EA705D /* OnboardingView.swift in Sources */ = {isa = PBXBuildFile; fileRef = 132D2CAE2C43A06100EA705D /* OnboardingView.swift */; };
		132D2CB12C43A07000EA705D /* SettingView.swift in Sources */ = {isa = PBXBuildFile; fileRef = 132D2CB02C43A07000EA705D /* SettingView.swift */; };
		132D2CB32C43A0A400EA705D /* LoadingView.swift in Sources */ = {isa = PBXBuildFile; fileRef = 132D2CB22C43A0A400EA705D /* LoadingView.swift */; };
		132D2CB52C43A10000EA705D /* EyeMovingVIew.swift in Sources */ = {isa = PBXBuildFile; fileRef = 132D2CB42C43A10000EA705D /* EyeMovingVIew.swift */; };
		132D2CB72C43A10C00EA705D /* EyeBlinkingView.swift in Sources */ = {isa = PBXBuildFile; fileRef = 132D2CB62C43A10C00EA705D /* EyeBlinkingView.swift */; };
		132D2CBA2C43A77D00EA705D /* Router.swift in Sources */ = {isa = PBXBuildFile; fileRef = 132D2CB92C43A77D00EA705D /* Router.swift */; };
		132D2CBE2C43B32600EA705D /* TrainingResultView.swift in Sources */ = {isa = PBXBuildFile; fileRef = 132D2CBD2C43B32600EA705D /* TrainingResultView.swift */; };
		132D2CC02C43B51900EA705D /* MakesPeopleView.swift in Sources */ = {isa = PBXBuildFile; fileRef = 132D2CBF2C43B51900EA705D /* MakesPeopleView.swift */; };
		13B6FA8F2C53F245000BFD3A /* FontManager.swift in Sources */ = {isa = PBXBuildFile; fileRef = 13B6FA8E2C53F245000BFD3A /* FontManager.swift */; };
		13B6FA992C53F5E6000BFD3A /* Pretendard-Light.otf in Resources */ = {isa = PBXBuildFile; fileRef = 13B6FA902C53F5E5000BFD3A /* Pretendard-Light.otf */; };
		13B6FA9A2C53F5E6000BFD3A /* Pretendard-ExtraLight.otf in Resources */ = {isa = PBXBuildFile; fileRef = 13B6FA912C53F5E5000BFD3A /* Pretendard-ExtraLight.otf */; };
		13B6FA9B2C53F5E6000BFD3A /* Pretendard-Black.otf in Resources */ = {isa = PBXBuildFile; fileRef = 13B6FA922C53F5E5000BFD3A /* Pretendard-Black.otf */; };
		13B6FA9C2C53F5E6000BFD3A /* Pretendard-Bold.otf in Resources */ = {isa = PBXBuildFile; fileRef = 13B6FA932C53F5E6000BFD3A /* Pretendard-Bold.otf */; };
		13B6FA9D2C53F5E6000BFD3A /* Pretendard-SemiBold.otf in Resources */ = {isa = PBXBuildFile; fileRef = 13B6FA942C53F5E6000BFD3A /* Pretendard-SemiBold.otf */; };
		13B6FA9E2C53F5E6000BFD3A /* Pretendard-Thin.otf in Resources */ = {isa = PBXBuildFile; fileRef = 13B6FA952C53F5E6000BFD3A /* Pretendard-Thin.otf */; };
		13B6FA9F2C53F5E6000BFD3A /* Pretendard-Medium.otf in Resources */ = {isa = PBXBuildFile; fileRef = 13B6FA962C53F5E6000BFD3A /* Pretendard-Medium.otf */; };
		13B6FAA02C53F5E6000BFD3A /* Pretendard-ExtraBold.otf in Resources */ = {isa = PBXBuildFile; fileRef = 13B6FA972C53F5E6000BFD3A /* Pretendard-ExtraBold.otf */; };
		13B6FAA12C53F5E6000BFD3A /* Pretendard-Regular.otf in Resources */ = {isa = PBXBuildFile; fileRef = 13B6FA982C53F5E6000BFD3A /* Pretendard-Regular.otf */; };
		13B6FAA62C53FD56000BFD3A /* MainButton.swift in Sources */ = {isa = PBXBuildFile; fileRef = 13B6FAA52C53FD56000BFD3A /* MainButton.swift */; };
		13E1F0042C550C4D00B69D3F /* OnboardingCard.swift in Sources */ = {isa = PBXBuildFile; fileRef = 13E1F0032C550C4D00B69D3F /* OnboardingCard.swift */; };
		13E1F0062C55225B00B69D3F /* GIFView.swift in Sources */ = {isa = PBXBuildFile; fileRef = 13E1F0052C55225B00B69D3F /* GIFView.swift */; };
		13E1F00B2C55263A00B69D3F /* OnoboardingSide.gif in Resources */ = {isa = PBXBuildFile; fileRef = 13E1F0082C55263900B69D3F /* OnoboardingSide.gif */; };
		13E1F00C2C55263A00B69D3F /* OnboardingBlink.gif in Resources */ = {isa = PBXBuildFile; fileRef = 13E1F0092C55263900B69D3F /* OnboardingBlink.gif */; };
		13E1F00D2C55263A00B69D3F /* OnboardingGif.gif in Resources */ = {isa = PBXBuildFile; fileRef = 13E1F00A2C55263A00B69D3F /* OnboardingGif.gif */; };
		13E1F00F2C55271300B69D3F /* NextCard.gif in Resources */ = {isa = PBXBuildFile; fileRef = 13E1F00E2C55271300B69D3F /* NextCard.gif */; };
		13E1F0112C568CEF00B69D3F /* OnboardingSettingView.swift in Sources */ = {isa = PBXBuildFile; fileRef = 13E1F0102C568CEF00B69D3F /* OnboardingSettingView.swift */; };
/* End PBXBuildFile section */

/* Begin PBXFileReference section */
		132D2C8D2C439B1400EA705D /* KKAMPPAK.app */ = {isa = PBXFileReference; explicitFileType = wrapper.application; includeInIndex = 0; path = KKAMPPAK.app; sourceTree = BUILT_PRODUCTS_DIR; };
		132D2C902C439B1400EA705D /* KKAMPPAKApp.swift */ = {isa = PBXFileReference; lastKnownFileType = sourcecode.swift; path = KKAMPPAKApp.swift; sourceTree = "<group>"; };
		132D2C942C439B1A00EA705D /* Assets.xcassets */ = {isa = PBXFileReference; lastKnownFileType = folder.assetcatalog; path = Assets.xcassets; sourceTree = "<group>"; };
		132D2C972C439B1A00EA705D /* Preview Assets.xcassets */ = {isa = PBXFileReference; lastKnownFileType = folder.assetcatalog; path = "Preview Assets.xcassets"; sourceTree = "<group>"; };
		132D2CAC2C43A04500EA705D /* MainView.swift */ = {isa = PBXFileReference; lastKnownFileType = sourcecode.swift; path = MainView.swift; sourceTree = "<group>"; };
		132D2CAE2C43A06100EA705D /* OnboardingView.swift */ = {isa = PBXFileReference; lastKnownFileType = sourcecode.swift; path = OnboardingView.swift; sourceTree = "<group>"; };
		132D2CB02C43A07000EA705D /* SettingView.swift */ = {isa = PBXFileReference; lastKnownFileType = sourcecode.swift; path = SettingView.swift; sourceTree = "<group>"; };
		132D2CB22C43A0A400EA705D /* LoadingView.swift */ = {isa = PBXFileReference; lastKnownFileType = sourcecode.swift; path = LoadingView.swift; sourceTree = "<group>"; };
		132D2CB42C43A10000EA705D /* EyeMovingVIew.swift */ = {isa = PBXFileReference; lastKnownFileType = sourcecode.swift; path = EyeMovingVIew.swift; sourceTree = "<group>"; };
		132D2CB62C43A10C00EA705D /* EyeBlinkingView.swift */ = {isa = PBXFileReference; lastKnownFileType = sourcecode.swift; path = EyeBlinkingView.swift; sourceTree = "<group>"; };
		132D2CB92C43A77D00EA705D /* Router.swift */ = {isa = PBXFileReference; lastKnownFileType = sourcecode.swift; path = Router.swift; sourceTree = "<group>"; };
		132D2CBD2C43B32600EA705D /* TrainingResultView.swift */ = {isa = PBXFileReference; lastKnownFileType = sourcecode.swift; path = TrainingResultView.swift; sourceTree = "<group>"; };
		132D2CBF2C43B51900EA705D /* MakesPeopleView.swift */ = {isa = PBXFileReference; lastKnownFileType = sourcecode.swift; path = MakesPeopleView.swift; sourceTree = "<group>"; };
		13B6FA8E2C53F245000BFD3A /* FontManager.swift */ = {isa = PBXFileReference; lastKnownFileType = sourcecode.swift; path = FontManager.swift; sourceTree = "<group>"; };
		13B6FA902C53F5E5000BFD3A /* Pretendard-Light.otf */ = {isa = PBXFileReference; lastKnownFileType = file; path = "Pretendard-Light.otf"; sourceTree = "<group>"; };
		13B6FA912C53F5E5000BFD3A /* Pretendard-ExtraLight.otf */ = {isa = PBXFileReference; lastKnownFileType = file; path = "Pretendard-ExtraLight.otf"; sourceTree = "<group>"; };
		13B6FA922C53F5E5000BFD3A /* Pretendard-Black.otf */ = {isa = PBXFileReference; lastKnownFileType = file; path = "Pretendard-Black.otf"; sourceTree = "<group>"; };
		13B6FA932C53F5E6000BFD3A /* Pretendard-Bold.otf */ = {isa = PBXFileReference; lastKnownFileType = file; path = "Pretendard-Bold.otf"; sourceTree = "<group>"; };
		13B6FA942C53F5E6000BFD3A /* Pretendard-SemiBold.otf */ = {isa = PBXFileReference; lastKnownFileType = file; path = "Pretendard-SemiBold.otf"; sourceTree = "<group>"; };
		13B6FA952C53F5E6000BFD3A /* Pretendard-Thin.otf */ = {isa = PBXFileReference; lastKnownFileType = file; path = "Pretendard-Thin.otf"; sourceTree = "<group>"; };
		13B6FA962C53F5E6000BFD3A /* Pretendard-Medium.otf */ = {isa = PBXFileReference; lastKnownFileType = file; path = "Pretendard-Medium.otf"; sourceTree = "<group>"; };
		13B6FA972C53F5E6000BFD3A /* Pretendard-ExtraBold.otf */ = {isa = PBXFileReference; lastKnownFileType = file; path = "Pretendard-ExtraBold.otf"; sourceTree = "<group>"; };
		13B6FA982C53F5E6000BFD3A /* Pretendard-Regular.otf */ = {isa = PBXFileReference; lastKnownFileType = file; path = "Pretendard-Regular.otf"; sourceTree = "<group>"; };
		13B6FAA22C53F664000BFD3A /* Info.plist */ = {isa = PBXFileReference; lastKnownFileType = text.plist; path = Info.plist; sourceTree = "<group>"; };
		13B6FAA52C53FD56000BFD3A /* MainButton.swift */ = {isa = PBXFileReference; lastKnownFileType = sourcecode.swift; path = MainButton.swift; sourceTree = "<group>"; };
		13E1F0032C550C4D00B69D3F /* OnboardingCard.swift */ = {isa = PBXFileReference; lastKnownFileType = sourcecode.swift; path = OnboardingCard.swift; sourceTree = "<group>"; };
		13E1F0052C55225B00B69D3F /* GIFView.swift */ = {isa = PBXFileReference; lastKnownFileType = sourcecode.swift; path = GIFView.swift; sourceTree = "<group>"; };
		13E1F0082C55263900B69D3F /* OnoboardingSide.gif */ = {isa = PBXFileReference; lastKnownFileType = image.gif; path = OnoboardingSide.gif; sourceTree = "<group>"; };
		13E1F0092C55263900B69D3F /* OnboardingBlink.gif */ = {isa = PBXFileReference; lastKnownFileType = image.gif; path = OnboardingBlink.gif; sourceTree = "<group>"; };
		13E1F00A2C55263A00B69D3F /* OnboardingGif.gif */ = {isa = PBXFileReference; lastKnownFileType = image.gif; path = OnboardingGif.gif; sourceTree = "<group>"; };
		13E1F00E2C55271300B69D3F /* NextCard.gif */ = {isa = PBXFileReference; lastKnownFileType = image.gif; path = NextCard.gif; sourceTree = "<group>"; };
		13E1F0102C568CEF00B69D3F /* OnboardingSettingView.swift */ = {isa = PBXFileReference; lastKnownFileType = sourcecode.swift; path = OnboardingSettingView.swift; sourceTree = "<group>"; };
/* End PBXFileReference section */

/* Begin PBXFrameworksBuildPhase section */
		132D2C8A2C439B1400EA705D /* Frameworks */ = {
			isa = PBXFrameworksBuildPhase;
			buildActionMask = 2147483647;
			files = (
			);
			runOnlyForDeploymentPostprocessing = 0;
		};
/* End PBXFrameworksBuildPhase section */

/* Begin PBXGroup section */
		132D2C842C439B1400EA705D = {
			isa = PBXGroup;
			children = (
				132D2C8F2C439B1400EA705D /* KKAMPPAK */,
				132D2C8E2C439B1400EA705D /* Products */,
			);
			sourceTree = "<group>";
		};
		132D2C8E2C439B1400EA705D /* Products */ = {
			isa = PBXGroup;
			children = (
				132D2C8D2C439B1400EA705D /* KKAMPPAK.app */,
			);
			name = Products;
			sourceTree = "<group>";
		};
		132D2C8F2C439B1400EA705D /* KKAMPPAK */ = {
			isa = PBXGroup;
			children = (
				13B6FAA32C53FCDA000BFD3A /* Source */,
				13B6FAA22C53F664000BFD3A /* Info.plist */,
				13B6FA822C53F1BC000BFD3A /* Resources */,
				132D2C902C439B1400EA705D /* KKAMPPAKApp.swift */,
				132D2C962C439B1A00EA705D /* Preview Content */,
			);
			path = KKAMPPAK;
			sourceTree = "<group>";
		};
		132D2C962C439B1A00EA705D /* Preview Content */ = {
			isa = PBXGroup;
			children = (
				132D2C972C439B1A00EA705D /* Preview Assets.xcassets */,
			);
			path = "Preview Content";
			sourceTree = "<group>";
		};
		132D2CA82C439FDE00EA705D /* Models */ = {
			isa = PBXGroup;
			children = (
			);
			name = Models;
			path = ../Models;
			sourceTree = "<group>";
		};
		132D2CA92C439FE300EA705D /* Views */ = {
			isa = PBXGroup;
			children = (
				13E1F0022C550C3400B69D3F /* Onboarding */,
				132D2CBF2C43B51900EA705D /* MakesPeopleView.swift */,
				132D2CAC2C43A04500EA705D /* MainView.swift */,
				132D2CB02C43A07000EA705D /* SettingView.swift */,
				132D2CB22C43A0A400EA705D /* LoadingView.swift */,
				132D2CB42C43A10000EA705D /* EyeMovingVIew.swift */,
				132D2CB62C43A10C00EA705D /* EyeBlinkingView.swift */,
				132D2CBD2C43B32600EA705D /* TrainingResultView.swift */,
			);
			path = Views;
			sourceTree = "<group>";
		};
		132D2CAA2C439FE900EA705D /* ViewModels */ = {
			isa = PBXGroup;
			children = (
			);
			name = ViewModels;
			path = ../ViewModels;
			sourceTree = "<group>";
		};
		132D2CAB2C439FF300EA705D /* Utilities */ = {
			isa = PBXGroup;
			children = (
				13B6FAA72C53FEF9000BFD3A /* Extension */,
				13B6FAA42C53FCE9000BFD3A /* Component */,
				132D2CB82C43A76C00EA705D /* Navigation */,
				13E1F0052C55225B00B69D3F /* GIFView.swift */,
			);
			path = Utilities;
			sourceTree = "<group>";
		};
		132D2CB82C43A76C00EA705D /* Navigation */ = {
			isa = PBXGroup;
			children = (
				132D2CB92C43A77D00EA705D /* Router.swift */,
			);
			path = Navigation;
			sourceTree = "<group>";
		};
		13B6FA822C53F1BC000BFD3A /* Resources */ = {
			isa = PBXGroup;
			children = (
				13E1F0072C55260500B69D3F /* Gifs */,
				13B6FA842C53F217000BFD3A /* Font */,
				132D2C942C439B1A00EA705D /* Assets.xcassets */,
			);
			path = Resources;
			sourceTree = "<group>";
		};
		13B6FA842C53F217000BFD3A /* Font */ = {
			isa = PBXGroup;
			children = (
				13B6FA922C53F5E5000BFD3A /* Pretendard-Black.otf */,
				13B6FA932C53F5E6000BFD3A /* Pretendard-Bold.otf */,
				13B6FA972C53F5E6000BFD3A /* Pretendard-ExtraBold.otf */,
				13B6FA912C53F5E5000BFD3A /* Pretendard-ExtraLight.otf */,
				13B6FA902C53F5E5000BFD3A /* Pretendard-Light.otf */,
				13B6FA962C53F5E6000BFD3A /* Pretendard-Medium.otf */,
				13B6FA982C53F5E6000BFD3A /* Pretendard-Regular.otf */,
				13B6FA942C53F5E6000BFD3A /* Pretendard-SemiBold.otf */,
				13B6FA952C53F5E6000BFD3A /* Pretendard-Thin.otf */,
			);
			path = Font;
			sourceTree = "<group>";
		};
		13B6FAA32C53FCDA000BFD3A /* Source */ = {
			isa = PBXGroup;
			children = (
				132D2CAB2C439FF300EA705D /* Utilities */,
				132D2CAA2C439FE900EA705D /* ViewModels */,
				132D2CA92C439FE300EA705D /* Views */,
				132D2CA82C439FDE00EA705D /* Models */,
			);
			path = Source;
			sourceTree = "<group>";
		};
		13B6FAA42C53FCE9000BFD3A /* Component */ = {
			isa = PBXGroup;
			children = (
				13B6FAA52C53FD56000BFD3A /* MainButton.swift */,
			);
			path = Component;
			sourceTree = "<group>";
		};
		13B6FAA72C53FEF9000BFD3A /* Extension */ = {
			isa = PBXGroup;
			children = (
				13B6FA8E2C53F245000BFD3A /* FontManager.swift */,
			);
			path = Extension;
			sourceTree = "<group>";
		};
		13E1F0022C550C3400B69D3F /* Onboarding */ = {
			isa = PBXGroup;
			children = (
				132D2CAE2C43A06100EA705D /* OnboardingView.swift */,
				13E1F0032C550C4D00B69D3F /* OnboardingCard.swift */,
				13E1F0102C568CEF00B69D3F /* OnboardingSettingView.swift */,
			);
			path = Onboarding;
			sourceTree = "<group>";
		};
		13E1F0072C55260500B69D3F /* Gifs */ = {
			isa = PBXGroup;
			children = (
				13E1F00E2C55271300B69D3F /* NextCard.gif */,
				13E1F0092C55263900B69D3F /* OnboardingBlink.gif */,
				13E1F00A2C55263A00B69D3F /* OnboardingGif.gif */,
				13E1F0082C55263900B69D3F /* OnoboardingSide.gif */,
			);
			path = Gifs;
			sourceTree = "<group>";
		};
/* End PBXGroup section */

/* Begin PBXNativeTarget section */
		132D2C8C2C439B1400EA705D /* KKAMPPAK */ = {
			isa = PBXNativeTarget;
			buildConfigurationList = 132D2C9B2C439B1A00EA705D /* Build configuration list for PBXNativeTarget "KKAMPPAK" */;
			buildPhases = (
				132D2C892C439B1400EA705D /* Sources */,
				132D2C8A2C439B1400EA705D /* Frameworks */,
				132D2C8B2C439B1400EA705D /* Resources */,
			);
			buildRules = (
			);
			dependencies = (
			);
			name = KKAMPPAK;
			productName = KKAMPPAK;
			productReference = 132D2C8D2C439B1400EA705D /* KKAMPPAK.app */;
			productType = "com.apple.product-type.application";
		};
/* End PBXNativeTarget section */

/* Begin PBXProject section */
		132D2C852C439B1400EA705D /* Project object */ = {
			isa = PBXProject;
			attributes = {
				BuildIndependentTargetsInParallel = 1;
				LastSwiftUpdateCheck = 1540;
				LastUpgradeCheck = 1540;
				TargetAttributes = {
					132D2C8C2C439B1400EA705D = {
						CreatedOnToolsVersion = 15.4;
					};
				};
			};
			buildConfigurationList = 132D2C882C439B1400EA705D /* Build configuration list for PBXProject "KKAMPPAK" */;
			compatibilityVersion = "Xcode 14.0";
			developmentRegion = en;
			hasScannedForEncodings = 0;
			knownRegions = (
				en,
				Base,
			);
			mainGroup = 132D2C842C439B1400EA705D;
			productRefGroup = 132D2C8E2C439B1400EA705D /* Products */;
			projectDirPath = "";
			projectRoot = "";
			targets = (
				132D2C8C2C439B1400EA705D /* KKAMPPAK */,
			);
		};
/* End PBXProject section */

/* Begin PBXResourcesBuildPhase section */
		132D2C8B2C439B1400EA705D /* Resources */ = {
			isa = PBXResourcesBuildPhase;
			buildActionMask = 2147483647;
			files = (
				13E1F00C2C55263A00B69D3F /* OnboardingBlink.gif in Resources */,
				132D2C982C439B1A00EA705D /* Preview Assets.xcassets in Resources */,
				13E1F00F2C55271300B69D3F /* NextCard.gif in Resources */,
				13B6FA9C2C53F5E6000BFD3A /* Pretendard-Bold.otf in Resources */,
				13B6FAA02C53F5E6000BFD3A /* Pretendard-ExtraBold.otf in Resources */,
				13B6FA9D2C53F5E6000BFD3A /* Pretendard-SemiBold.otf in Resources */,
				13B6FA9E2C53F5E6000BFD3A /* Pretendard-Thin.otf in Resources */,
				132D2C952C439B1A00EA705D /* Assets.xcassets in Resources */,
				13E1F00B2C55263A00B69D3F /* OnoboardingSide.gif in Resources */,
				13E1F00D2C55263A00B69D3F /* OnboardingGif.gif in Resources */,
				13B6FA9A2C53F5E6000BFD3A /* Pretendard-ExtraLight.otf in Resources */,
				13B6FA992C53F5E6000BFD3A /* Pretendard-Light.otf in Resources */,
				13B6FAA12C53F5E6000BFD3A /* Pretendard-Regular.otf in Resources */,
				13B6FA9B2C53F5E6000BFD3A /* Pretendard-Black.otf in Resources */,
				13B6FA9F2C53F5E6000BFD3A /* Pretendard-Medium.otf in Resources */,
			);
			runOnlyForDeploymentPostprocessing = 0;
		};
/* End PBXResourcesBuildPhase section */

/* Begin PBXSourcesBuildPhase section */
		132D2C892C439B1400EA705D /* Sources */ = {
			isa = PBXSourcesBuildPhase;
			buildActionMask = 2147483647;
			files = (
				132D2CBA2C43A77D00EA705D /* Router.swift in Sources */,
				132D2CC02C43B51900EA705D /* MakesPeopleView.swift in Sources */,
				13E1F0042C550C4D00B69D3F /* OnboardingCard.swift in Sources */,
				132D2CAF2C43A06100EA705D /* OnboardingView.swift in Sources */,
				132D2CB12C43A07000EA705D /* SettingView.swift in Sources */,
				132D2CB72C43A10C00EA705D /* EyeBlinkingView.swift in Sources */,
				132D2CB52C43A10000EA705D /* EyeMovingVIew.swift in Sources */,
				13B6FA8F2C53F245000BFD3A /* FontManager.swift in Sources */,
				132D2CAD2C43A04500EA705D /* MainView.swift in Sources */,
				13E1F0112C568CEF00B69D3F /* OnboardingSettingView.swift in Sources */,
				13B6FAA62C53FD56000BFD3A /* MainButton.swift in Sources */,
				132D2CBE2C43B32600EA705D /* TrainingResultView.swift in Sources */,
				13E1F0062C55225B00B69D3F /* GIFView.swift in Sources */,
				132D2CB32C43A0A400EA705D /* LoadingView.swift in Sources */,
				132D2C912C439B1400EA705D /* KKAMPPAKApp.swift in Sources */,
			);
			runOnlyForDeploymentPostprocessing = 0;
		};
/* End PBXSourcesBuildPhase section */

/* Begin XCBuildConfiguration section */
		132D2C992C439B1A00EA705D /* Debug */ = {
			isa = XCBuildConfiguration;
			buildSettings = {
				ALWAYS_SEARCH_USER_PATHS = NO;
				ASSETCATALOG_COMPILER_GENERATE_SWIFT_ASSET_SYMBOL_EXTENSIONS = YES;
				CLANG_ANALYZER_NONNULL = YES;
				CLANG_ANALYZER_NUMBER_OBJECT_CONVERSION = YES_AGGRESSIVE;
				CLANG_CXX_LANGUAGE_STANDARD = "gnu++20";
				CLANG_ENABLE_MODULES = YES;
				CLANG_ENABLE_OBJC_ARC = YES;
				CLANG_ENABLE_OBJC_WEAK = YES;
				CLANG_WARN_BLOCK_CAPTURE_AUTORELEASING = YES;
				CLANG_WARN_BOOL_CONVERSION = YES;
				CLANG_WARN_COMMA = YES;
				CLANG_WARN_CONSTANT_CONVERSION = YES;
				CLANG_WARN_DEPRECATED_OBJC_IMPLEMENTATIONS = YES;
				CLANG_WARN_DIRECT_OBJC_ISA_USAGE = YES_ERROR;
				CLANG_WARN_DOCUMENTATION_COMMENTS = YES;
				CLANG_WARN_EMPTY_BODY = YES;
				CLANG_WARN_ENUM_CONVERSION = YES;
				CLANG_WARN_INFINITE_RECURSION = YES;
				CLANG_WARN_INT_CONVERSION = YES;
				CLANG_WARN_NON_LITERAL_NULL_CONVERSION = YES;
				CLANG_WARN_OBJC_IMPLICIT_RETAIN_SELF = YES;
				CLANG_WARN_OBJC_LITERAL_CONVERSION = YES;
				CLANG_WARN_OBJC_ROOT_CLASS = YES_ERROR;
				CLANG_WARN_QUOTED_INCLUDE_IN_FRAMEWORK_HEADER = YES;
				CLANG_WARN_RANGE_LOOP_ANALYSIS = YES;
				CLANG_WARN_STRICT_PROTOTYPES = YES;
				CLANG_WARN_SUSPICIOUS_MOVE = YES;
				CLANG_WARN_UNGUARDED_AVAILABILITY = YES_AGGRESSIVE;
				CLANG_WARN_UNREACHABLE_CODE = YES;
				CLANG_WARN__DUPLICATE_METHOD_MATCH = YES;
				COPY_PHASE_STRIP = NO;
				DEBUG_INFORMATION_FORMAT = dwarf;
				ENABLE_STRICT_OBJC_MSGSEND = YES;
				ENABLE_TESTABILITY = YES;
				ENABLE_USER_SCRIPT_SANDBOXING = YES;
				GCC_C_LANGUAGE_STANDARD = gnu17;
				GCC_DYNAMIC_NO_PIC = NO;
				GCC_NO_COMMON_BLOCKS = YES;
				GCC_OPTIMIZATION_LEVEL = 0;
				GCC_PREPROCESSOR_DEFINITIONS = (
					"DEBUG=1",
					"$(inherited)",
				);
				GCC_WARN_64_TO_32_BIT_CONVERSION = YES;
				GCC_WARN_ABOUT_RETURN_TYPE = YES_ERROR;
				GCC_WARN_UNDECLARED_SELECTOR = YES;
				GCC_WARN_UNINITIALIZED_AUTOS = YES_AGGRESSIVE;
				GCC_WARN_UNUSED_FUNCTION = YES;
				GCC_WARN_UNUSED_VARIABLE = YES;
				IPHONEOS_DEPLOYMENT_TARGET = 17.5;
				LOCALIZATION_PREFERS_STRING_CATALOGS = YES;
				MTL_ENABLE_DEBUG_INFO = INCLUDE_SOURCE;
				MTL_FAST_MATH = YES;
				ONLY_ACTIVE_ARCH = YES;
				SDKROOT = iphoneos;
				SWIFT_ACTIVE_COMPILATION_CONDITIONS = "DEBUG $(inherited)";
				SWIFT_OPTIMIZATION_LEVEL = "-Onone";
			};
			name = Debug;
		};
		132D2C9A2C439B1A00EA705D /* Release */ = {
			isa = XCBuildConfiguration;
			buildSettings = {
				ALWAYS_SEARCH_USER_PATHS = NO;
				ASSETCATALOG_COMPILER_GENERATE_SWIFT_ASSET_SYMBOL_EXTENSIONS = YES;
				CLANG_ANALYZER_NONNULL = YES;
				CLANG_ANALYZER_NUMBER_OBJECT_CONVERSION = YES_AGGRESSIVE;
				CLANG_CXX_LANGUAGE_STANDARD = "gnu++20";
				CLANG_ENABLE_MODULES = YES;
				CLANG_ENABLE_OBJC_ARC = YES;
				CLANG_ENABLE_OBJC_WEAK = YES;
				CLANG_WARN_BLOCK_CAPTURE_AUTORELEASING = YES;
				CLANG_WARN_BOOL_CONVERSION = YES;
				CLANG_WARN_COMMA = YES;
				CLANG_WARN_CONSTANT_CONVERSION = YES;
				CLANG_WARN_DEPRECATED_OBJC_IMPLEMENTATIONS = YES;
				CLANG_WARN_DIRECT_OBJC_ISA_USAGE = YES_ERROR;
				CLANG_WARN_DOCUMENTATION_COMMENTS = YES;
				CLANG_WARN_EMPTY_BODY = YES;
				CLANG_WARN_ENUM_CONVERSION = YES;
				CLANG_WARN_INFINITE_RECURSION = YES;
				CLANG_WARN_INT_CONVERSION = YES;
				CLANG_WARN_NON_LITERAL_NULL_CONVERSION = YES;
				CLANG_WARN_OBJC_IMPLICIT_RETAIN_SELF = YES;
				CLANG_WARN_OBJC_LITERAL_CONVERSION = YES;
				CLANG_WARN_OBJC_ROOT_CLASS = YES_ERROR;
				CLANG_WARN_QUOTED_INCLUDE_IN_FRAMEWORK_HEADER = YES;
				CLANG_WARN_RANGE_LOOP_ANALYSIS = YES;
				CLANG_WARN_STRICT_PROTOTYPES = YES;
				CLANG_WARN_SUSPICIOUS_MOVE = YES;
				CLANG_WARN_UNGUARDED_AVAILABILITY = YES_AGGRESSIVE;
				CLANG_WARN_UNREACHABLE_CODE = YES;
				CLANG_WARN__DUPLICATE_METHOD_MATCH = YES;
				COPY_PHASE_STRIP = NO;
				DEBUG_INFORMATION_FORMAT = "dwarf-with-dsym";
				ENABLE_NS_ASSERTIONS = NO;
				ENABLE_STRICT_OBJC_MSGSEND = YES;
				ENABLE_USER_SCRIPT_SANDBOXING = YES;
				GCC_C_LANGUAGE_STANDARD = gnu17;
				GCC_NO_COMMON_BLOCKS = YES;
				GCC_WARN_64_TO_32_BIT_CONVERSION = YES;
				GCC_WARN_ABOUT_RETURN_TYPE = YES_ERROR;
				GCC_WARN_UNDECLARED_SELECTOR = YES;
				GCC_WARN_UNINITIALIZED_AUTOS = YES_AGGRESSIVE;
				GCC_WARN_UNUSED_FUNCTION = YES;
				GCC_WARN_UNUSED_VARIABLE = YES;
				IPHONEOS_DEPLOYMENT_TARGET = 17.5;
				LOCALIZATION_PREFERS_STRING_CATALOGS = YES;
				MTL_ENABLE_DEBUG_INFO = NO;
				MTL_FAST_MATH = YES;
				SDKROOT = iphoneos;
				SWIFT_COMPILATION_MODE = wholemodule;
				VALIDATE_PRODUCT = YES;
			};
			name = Release;
		};
		132D2C9C2C439B1A00EA705D /* Debug */ = {
			isa = XCBuildConfiguration;
			buildSettings = {
				ASSETCATALOG_COMPILER_APPICON_NAME = AppIcon;
				ASSETCATALOG_COMPILER_GLOBAL_ACCENT_COLOR_NAME = AccentColor;
				CODE_SIGN_STYLE = Automatic;
				CURRENT_PROJECT_VERSION = 1;
				DEVELOPMENT_ASSET_PATHS = "\"KKAMPPAK/Preview Content\"";
				DEVELOPMENT_TEAM = 34K3V5D9X5;
				ENABLE_PREVIEWS = YES;
				GENERATE_INFOPLIST_FILE = YES;
				INFOPLIST_FILE = KKAMPPAK/Info.plist;
				INFOPLIST_KEY_CFBundleDisplayName = "";
				INFOPLIST_KEY_LSApplicationCategoryType = "";
				INFOPLIST_KEY_UIApplicationSceneManifest_Generation = YES;
				INFOPLIST_KEY_UIApplicationSupportsIndirectInputEvents = YES;
				INFOPLIST_KEY_UILaunchScreen_Generation = YES;
				INFOPLIST_KEY_UISupportedInterfaceOrientations_iPad = "UIInterfaceOrientationPortrait UIInterfaceOrientationPortraitUpsideDown UIInterfaceOrientationLandscapeLeft UIInterfaceOrientationLandscapeRight";
				INFOPLIST_KEY_UISupportedInterfaceOrientations_iPhone = "UIInterfaceOrientationPortrait UIInterfaceOrientationLandscapeLeft UIInterfaceOrientationLandscapeRight";
				LD_RUNPATH_SEARCH_PATHS = (
					"$(inherited)",
					"@executable_path/Frameworks",
				);
				MARKETING_VERSION = 1.0;
				PRODUCT_BUNDLE_IDENTIFIER = "KKAMPPAK-RE.KKAMPPAK";
				PRODUCT_NAME = "$(TARGET_NAME)";
				SWIFT_EMIT_LOC_STRINGS = YES;
				SWIFT_VERSION = 5.0;
				TARGETED_DEVICE_FAMILY = "1,2";
			};
			name = Debug;
		};
		132D2C9D2C439B1A00EA705D /* Release */ = {
			isa = XCBuildConfiguration;
			buildSettings = {
				ASSETCATALOG_COMPILER_APPICON_NAME = AppIcon;
				ASSETCATALOG_COMPILER_GLOBAL_ACCENT_COLOR_NAME = AccentColor;
				CODE_SIGN_STYLE = Automatic;
				CURRENT_PROJECT_VERSION = 1;
				DEVELOPMENT_ASSET_PATHS = "\"KKAMPPAK/Preview Content\"";
				DEVELOPMENT_TEAM = 34K3V5D9X5;
				ENABLE_PREVIEWS = YES;
				GENERATE_INFOPLIST_FILE = YES;
				INFOPLIST_FILE = KKAMPPAK/Info.plist;
				INFOPLIST_KEY_CFBundleDisplayName = "";
				INFOPLIST_KEY_LSApplicationCategoryType = "";
				INFOPLIST_KEY_UIApplicationSceneManifest_Generation = YES;
				INFOPLIST_KEY_UIApplicationSupportsIndirectInputEvents = YES;
				INFOPLIST_KEY_UILaunchScreen_Generation = YES;
				INFOPLIST_KEY_UISupportedInterfaceOrientations_iPad = "UIInterfaceOrientationPortrait UIInterfaceOrientationPortraitUpsideDown UIInterfaceOrientationLandscapeLeft UIInterfaceOrientationLandscapeRight";
				INFOPLIST_KEY_UISupportedInterfaceOrientations_iPhone = "UIInterfaceOrientationPortrait UIInterfaceOrientationLandscapeLeft UIInterfaceOrientationLandscapeRight";
				LD_RUNPATH_SEARCH_PATHS = (
					"$(inherited)",
					"@executable_path/Frameworks",
				);
				MARKETING_VERSION = 1.0;
				PRODUCT_BUNDLE_IDENTIFIER = "KKAMPPAK-RE.KKAMPPAK";
				PRODUCT_NAME = "$(TARGET_NAME)";
				SWIFT_EMIT_LOC_STRINGS = YES;
				SWIFT_VERSION = 5.0;
				TARGETED_DEVICE_FAMILY = "1,2";
			};
			name = Release;
		};
/* End XCBuildConfiguration section */

/* Begin XCConfigurationList section */
		132D2C882C439B1400EA705D /* Build configuration list for PBXProject "KKAMPPAK" */ = {
			isa = XCConfigurationList;
			buildConfigurations = (
				132D2C992C439B1A00EA705D /* Debug */,
				132D2C9A2C439B1A00EA705D /* Release */,
			);
			defaultConfigurationIsVisible = 0;
			defaultConfigurationName = Release;
		};
		132D2C9B2C439B1A00EA705D /* Build configuration list for PBXNativeTarget "KKAMPPAK" */ = {
			isa = XCConfigurationList;
			buildConfigurations = (
				132D2C9C2C439B1A00EA705D /* Debug */,
				132D2C9D2C439B1A00EA705D /* Release */,
			);
			defaultConfigurationIsVisible = 0;
			defaultConfigurationName = Release;
		};
/* End XCConfigurationList section */
	};
	rootObject = 132D2C852C439B1400EA705D /* Project object */;
}
